
Microsoft Visual Studio Solution File, Format Version 12.00
# Visual Studio Version 16
VisualStudioVersion = 16.0.31729.503
MinimumVisualStudioVersion = 10.0.40219.1
Project("{FAE04EC0-301F-11D3-BF4B-00C04F79EFBC}") = "StudentAPI", "StudentAPI\StudentAPI.csproj", "{72461733-C767-4486-A6B7-67795DD2C2BD}"
EndProject
Global
	GlobalSection(SolutionConfigurationPlatforms) = preSolution
		Debug|Any CPU = Debug|Any CPU
		Release|Any CPU = Release|Any CPU
	EndGlobalSection
	GlobalSection(ProjectConfigurationPlatforms) = postSolution
		{72461733-C767-4486-A6B7-67795DD2C2BD}.Debug|Any CPU.ActiveCfg = Debug|Any CPU
		{72461733-C767-4486-A6B7-67795DD2C2BD}.Debug|Any CPU.Build.0 = Debug|Any CPU
		{72461733-C767-4486-A6B7-67795DD2C2BD}.Release|Any CPU.ActiveCfg = Release|Any CPU
		{72461733-C767-4486-A6B7-67795DD2C2BD}.Release|Any CPU.Build.0 = Release|Any CPU
	EndGlobalSection
	GlobalSection(SolutionProperties) = preSolution
		HideSolutionNode = FALSE
	EndGlobalSection
	GlobalSection(ExtensibilityGlobals) = postSolution
		SolutionGuid = {A8407B77-FCC7-4573-AF5F-708D163ED698}
	EndGlobalSection
EndGlobal
